{
  "nodes": {
    "flake-utils": {
      "inputs": {
        "systems": "systems"
      },
      "locked": {
        "lastModified": 1685518550,
        "narHash": "sha256-o2d0KcvaXzTrPRIo0kOLV0/QXHhDQ5DTi+OxcjO8xqY=",
        "owner": "numtide",
        "repo": "flake-utils",
        "rev": "a1720a10a6cfe8234c0e93907ffe81be440f4cef",
        "type": "github"
      },
      "original": {
        "owner": "numtide",
        "repo": "flake-utils",
        "type": "github"
      }
    },
    "godot-desktop-file": {
      "flake": false,
      "locked": {
        "narHash": "sha256-FYiixHXikdWjfSDwYc0ZcchoW9UiOBh0cMsClOuSJFY=",
        "type": "file",
        "url": "https://raw.githubusercontent.com/godotengine/godot/master/misc/dist/linux/org.godotengine.Godot.desktop"
      },
      "original": {
        "type": "file",
        "url": "https://raw.githubusercontent.com/godotengine/godot/master/misc/dist/linux/org.godotengine.Godot.desktop"
      }
    },
    "godot-icon-png": {
      "flake": false,
      "locked": {
        "narHash": "sha256-Y4Y2RpEiZOBJEEtgJZVHDJ+GUgN2fn9VPP+oZWQZMr0=",
        "type": "file",
        "url": "https://raw.githubusercontent.com/godotengine/godot/master/icon.png"
      },
      "original": {
        "type": "file",
        "url": "https://raw.githubusercontent.com/godotengine/godot/master/icon.png"
      }
    },
    "godot-icon-svg": {
      "flake": false,
      "locked": {
        "narHash": "sha256-hgrosZPGt/q0YsdhKK7GPO6r9kYwum6e9Y9kYwueiSM=",
        "type": "file",
        "url": "https://raw.githubusercontent.com/godotengine/godot/master/icon.svg"
      },
      "original": {
        "type": "file",
        "url": "https://raw.githubusercontent.com/godotengine/godot/master/icon.svg"
      }
    },
    "godot-manpage": {
      "flake": false,
      "locked": {
        "narHash": "sha256-+oithkOprerqtxlLWXhiue4bF5CAT+8Zki9drEUWwy0=",
        "type": "file",
        "url": "https://raw.githubusercontent.com/godotengine/godot/master/misc/dist/linux/godot.6"
      },
      "original": {
        "type": "file",
        "url": "https://raw.githubusercontent.com/godotengine/godot/master/misc/dist/linux/godot.6"
      }
    },
    "nixpkgs": {
      "locked": {
        "lastModified": 1686519857,
        "narHash": "sha256-VkBhuq67aXXiCoEmicziuDLUPPjeOTLQoj6OeVai5zM=",
        "owner": "nixos",
        "repo": "nixpkgs",
        "rev": "6b1b72c0f887a478a5aac355674ff6df0fc44f44",
        "type": "github"
      },
      "original": {
        "owner": "nixos",
        "ref": "nixpkgs-unstable",
        "repo": "nixpkgs",
        "type": "github"
      }
    },
    "root": {
      "inputs": {
        "flake-utils": "flake-utils",
        "godot-desktop-file": "godot-desktop-file",
        "godot-icon-png": "godot-icon-png",
        "godot-icon-svg": "godot-icon-svg",
        "godot-manpage": "godot-manpage",
        "nixpkgs": "nixpkgs"
      }
    },
    "systems": {
      "locked": {
        "lastModified": 1681028828,
        "narHash": "sha256-Vy1rq5AaRuLzOxct8nz4T6wlgyUR7zLU309k9mBC768=",
        "owner": "nix-systems",
        "repo": "default",
        "rev": "da67096a3b9bf56a91d16901293e51ba5b49a27e",
        "type": "github"
      },
      "original": {
        "owner": "nix-systems",
        "repo": "default",
        "type": "github"
      }
    }
  },
  "root": "root",
  "version": 7
}
